
Microsoft Visual Studio Solution File, Format Version 12.00
# Visual Studio Version 17
VisualStudioVersion = 17.4.33122.133
MinimumVisualStudioVersion = 10.0.40219.1
Project("{FAE04EC0-301F-11D3-BF4B-00C04F79EFBC}") = "WEBAPI", "WEBAPI.csproj", "{5A32ED43-7395-4D36-BB2F-61592EA3E17B}"
EndProject
Global
	GlobalSection(SolutionConfigurationPlatforms) = preSolution
		Debug|Any CPU = Debug|Any CPU
		Release|Any CPU = Release|Any CPU
	EndGlobalSection
	GlobalSection(ProjectConfigurationPlatforms) = postSolution
		{5A32ED43-7395-4D36-BB2F-61592EA3E17B}.Debug|Any CPU.ActiveCfg = Debug|Any CPU
		{5A32ED43-7395-4D36-BB2F-61592EA3E17B}.Debug|Any CPU.Build.0 = Debug|Any CPU
		{5A32ED43-7395-4D36-BB2F-61592EA3E17B}.Release|Any CPU.ActiveCfg = Release|Any CPU
		{5A32ED43-7395-4D36-BB2F-61592EA3E17B}.Release|Any CPU.Build.0 = Release|Any CPU
	EndGlobalSection
	GlobalSection(SolutionProperties) = preSolution
		HideSolutionNode = FALSE
	EndGlobalSection
	GlobalSection(ExtensibilityGlobals) = postSolution
		SolutionGuid = {FFD1009E-FB4B-4AC1-97C9-E95B7D91CA30}
	EndGlobalSection
EndGlobal
